
Microsoft Visual Studio Solution File, Format Version 12.00
# Visual Studio 2012
# SharpDevelop 5.1
VisualStudioVersion = 14.0.23107.0
MinimumVisualStudioVersion = 10.0.40219.1
Project("{FAE04EC0-301F-11D3-BF4B-00C04F79EFBC}") = "MiControlGUI", "MiControlGUI\MiControlGUI.csproj", "{0021B95F-D617-4FCE-A981-448A3C84DDB6}"
EndProject
Project("{FAE04EC0-301F-11D3-BF4B-00C04F79EFBC}") = "MiControl", "MiControl\MiControl.csproj", "{F4BCB814-B639-487F-AB38-203642673190}"
EndProject
Global
	GlobalSection(SolutionConfigurationPlatforms) = preSolution
		Debug|Any CPU = Debug|Any CPU
		Release|Any CPU = Release|Any CPU
	EndGlobalSection
	GlobalSection(ProjectConfigurationPlatforms) = postSolution
		{0021B95F-D617-4FCE-A981-448A3C84DDB6}.Debug|Any CPU.ActiveCfg = Debug|Any CPU
		{0021B95F-D617-4FCE-A981-448A3C84DDB6}.Debug|Any CPU.Build.0 = Debug|Any CPU
		{0021B95F-D617-4FCE-A981-448A3C84DDB6}.Release|Any CPU.ActiveCfg = Release|Any CPU
		{0021B95F-D617-4FCE-A981-448A3C84DDB6}.Release|Any CPU.Build.0 = Release|Any CPU
		{F4BCB814-B639-487F-AB38-203642673190}.Debug|Any CPU.ActiveCfg = Debug|Any CPU
		{F4BCB814-B639-487F-AB38-203642673190}.Debug|Any CPU.Build.0 = Debug|Any CPU
		{F4BCB814-B639-487F-AB38-203642673190}.Release|Any CPU.ActiveCfg = Release|Any CPU
		{F4BCB814-B639-487F-AB38-203642673190}.Release|Any CPU.Build.0 = Release|Any CPU
	EndGlobalSection
	GlobalSection(SolutionProperties) = preSolution
		HideSolutionNode = FALSE
	EndGlobalSection
EndGlobal
